
Microsoft Visual Studio Solution File, Format Version 12.00
# Visual Studio 15
VisualStudioVersion = 15.0.27130.2010
MinimumVisualStudioVersion = 10.0.40219.1
Project("{FAE04EC0-301F-11D3-BF4B-00C04F79EFBC}") = "Sudoku", "Sudoku\Sudoku.csproj", "{EFC1B71B-410C-49E0-BD2E-E15E1ED9539F}"
EndProject
Global
	GlobalSection(SolutionConfigurationPlatforms) = preSolution
		Debug|Any CPU = Debug|Any CPU
		Release|Any CPU = Release|Any CPU
	EndGlobalSection
	GlobalSection(ProjectConfigurationPlatforms) = postSolution
		{EFC1B71B-410C-49E0-BD2E-E15E1ED9539F}.Debug|Any CPU.ActiveCfg = Debug|Any CPU
		{EFC1B71B-410C-49E0-BD2E-E15E1ED9539F}.Debug|Any CPU.Build.0 = Debug|Any CPU
		{EFC1B71B-410C-49E0-BD2E-E15E1ED9539F}.Release|Any CPU.ActiveCfg = Release|Any CPU
		{EFC1B71B-410C-49E0-BD2E-E15E1ED9539F}.Release|Any CPU.Build.0 = Release|Any CPU
	EndGlobalSection
	GlobalSection(SolutionProperties) = preSolution
		HideSolutionNode = FALSE
	EndGlobalSection
	GlobalSection(ExtensibilityGlobals) = postSolution
		SolutionGuid = {8AAE315F-61D0-468F-9906-BE2BED8C823A}
	EndGlobalSection
EndGlobal
